
Microsoft Visual Studio Solution File, Format Version 11.00
# Visual Studio 2010
Project("{8BC9CEB8-8B4A-11D0-8D11-00A0C91BC942}") = "BlackIceV2", "BlackIceV2\BlackIceV2.vcxproj", "{7DA72365-FD37-4351-98D3-915CD0D19C88}"
EndProject
Global
	GlobalSection(SolutionConfigurationPlatforms) = preSolution
		Debug|PS3 = Debug|PS3
		Release|PS3 = Release|PS3
	EndGlobalSection
	GlobalSection(ProjectConfigurationPlatforms) = postSolution
		{7DA72365-FD37-4351-98D3-915CD0D19C88}.Debug|PS3.ActiveCfg = Debug|PS3
		{7DA72365-FD37-4351-98D3-915CD0D19C88}.Debug|PS3.Build.0 = Debug|PS3
		{7DA72365-FD37-4351-98D3-915CD0D19C88}.Release|PS3.ActiveCfg = Release|PS3
		{7DA72365-FD37-4351-98D3-915CD0D19C88}.Release|PS3.Build.0 = Release|PS3
	EndGlobalSection
	GlobalSection(SolutionProperties) = preSolution
		HideSolutionNode = FALSE
	EndGlobalSection
EndGlobal
